
Microsoft Visual Studio Solution File, Format Version 12.00
# Visual Studio Version 16
VisualStudioVersion = 16.0.29306.81
MinimumVisualStudioVersion = 10.0.40219.1
Project("{8BC9CEB8-8B4A-11D0-8D11-00A0C91BC942}") = "DataStructures-Project4", "DataStructures-Project4\DataStructures-Project4.vcxproj", "{BC16D16B-9BDE-4068-B735-CB4D9305ABD6}"
EndProject
Global
	GlobalSection(SolutionConfigurationPlatforms) = preSolution
		Debug|x64 = Debug|x64
		Debug|x86 = Debug|x86
		Release|x64 = Release|x64
		Release|x86 = Release|x86
	EndGlobalSection
	GlobalSection(ProjectConfigurationPlatforms) = postSolution
		{BC16D16B-9BDE-4068-B735-CB4D9305ABD6}.Debug|x64.ActiveCfg = Debug|x64
		{BC16D16B-9BDE-4068-B735-CB4D9305ABD6}.Debug|x64.Build.0 = Debug|x64
		{BC16D16B-9BDE-4068-B735-CB4D9305ABD6}.Debug|x86.ActiveCfg = Debug|Win32
		{BC16D16B-9BDE-4068-B735-CB4D9305ABD6}.Debug|x86.Build.0 = Debug|Win32
		{BC16D16B-9BDE-4068-B735-CB4D9305ABD6}.Release|x64.ActiveCfg = Release|x64
		{BC16D16B-9BDE-4068-B735-CB4D9305ABD6}.Release|x64.Build.0 = Release|x64
		{BC16D16B-9BDE-4068-B735-CB4D9305ABD6}.Release|x86.ActiveCfg = Release|Win32
		{BC16D16B-9BDE-4068-B735-CB4D9305ABD6}.Release|x86.Build.0 = Release|Win32
	EndGlobalSection
	GlobalSection(SolutionProperties) = preSolution
		HideSolutionNode = FALSE
	EndGlobalSection
	GlobalSection(ExtensibilityGlobals) = postSolution
		SolutionGuid = {97AC3653-3CFE-421E-9A73-117261294AC3}
	EndGlobalSection
EndGlobal
